
Microsoft Visual Studio Solution File, Format Version 12.00
# Visual Studio Version 16
VisualStudioVersion = 16.0.29613.14
MinimumVisualStudioVersion = 10.0.40219.1
Project("{FAE04EC0-301F-11D3-BF4B-00C04F79EFBC}") = "PasswordValidate", "PasswordValidate\PasswordValidate.csproj", "{17E76BAE-F53A-43EE-A169-9E747152A9E0}"
EndProject
Project("{FAE04EC0-301F-11D3-BF4B-00C04F79EFBC}") = "PasswordValidateTest", "PasswordValidateTest\PasswordValidateTest.csproj", "{DD35846E-7B8C-440A-9236-A7AD3EC25E2A}"
EndProject
Global
	GlobalSection(SolutionConfigurationPlatforms) = preSolution
		Debug|Any CPU = Debug|Any CPU
		Release|Any CPU = Release|Any CPU
	EndGlobalSection
	GlobalSection(ProjectConfigurationPlatforms) = postSolution
		{17E76BAE-F53A-43EE-A169-9E747152A9E0}.Debug|Any CPU.ActiveCfg = Debug|Any CPU
		{17E76BAE-F53A-43EE-A169-9E747152A9E0}.Debug|Any CPU.Build.0 = Debug|Any CPU
		{17E76BAE-F53A-43EE-A169-9E747152A9E0}.Release|Any CPU.ActiveCfg = Release|Any CPU
		{17E76BAE-F53A-43EE-A169-9E747152A9E0}.Release|Any CPU.Build.0 = Release|Any CPU
		{DD35846E-7B8C-440A-9236-A7AD3EC25E2A}.Debug|Any CPU.ActiveCfg = Debug|Any CPU
		{DD35846E-7B8C-440A-9236-A7AD3EC25E2A}.Debug|Any CPU.Build.0 = Debug|Any CPU
		{DD35846E-7B8C-440A-9236-A7AD3EC25E2A}.Release|Any CPU.ActiveCfg = Release|Any CPU
		{DD35846E-7B8C-440A-9236-A7AD3EC25E2A}.Release|Any CPU.Build.0 = Release|Any CPU
	EndGlobalSection
	GlobalSection(SolutionProperties) = preSolution
		HideSolutionNode = FALSE
	EndGlobalSection
	GlobalSection(ExtensibilityGlobals) = postSolution
		SolutionGuid = {F7F94508-8445-444B-B240-EED47A26CCA8}
	EndGlobalSection
EndGlobal
